
Microsoft Visual Studio Solution File, Format Version 12.00
# Visual Studio Version 16
VisualStudioVersion = 16.0.34902.97
MinimumVisualStudioVersion = 10.0.40219.1
Project("{8BC9CEB8-8B4A-11D0-8D11-00A0C91BC942}") = "MyCppDll", "MyCppDll\MyCppDll.vcxproj", "{33F86413-BEFC-4134-8B57-3378FEE76B94}"
EndProject
Project("{FAE04EC0-301F-11D3-BF4B-00C04F79EFBC}") = "CSharpConsoleApp", "CSharpConsoleApp\CSharpConsoleApp.csproj", "{6F6203AE-AE38-41D0-A685-F88010BC9199}"
	ProjectSection(ProjectDependencies) = postProject
		{33F86413-BEFC-4134-8B57-3378FEE76B94} = {33F86413-BEFC-4134-8B57-3378FEE76B94}
	EndProjectSection
EndProject
Global
	GlobalSection(SolutionConfigurationPlatforms) = preSolution
		Debug|Any CPU = Debug|Any CPU
		Debug|x64 = Debug|x64
		Debug|x86 = Debug|x86
		Release|Any CPU = Release|Any CPU
		Release|x64 = Release|x64
		Release|x86 = Release|x86
	EndGlobalSection
	GlobalSection(ProjectConfigurationPlatforms) = postSolution
		{33F86413-BEFC-4134-8B57-3378FEE76B94}.Debug|Any CPU.ActiveCfg = Debug|Win32
		{33F86413-BEFC-4134-8B57-3378FEE76B94}.Debug|x64.ActiveCfg = Debug|x64
		{33F86413-BEFC-4134-8B57-3378FEE76B94}.Debug|x64.Build.0 = Debug|x64
		{33F86413-BEFC-4134-8B57-3378FEE76B94}.Debug|x86.ActiveCfg = Debug|Win32
		{33F86413-BEFC-4134-8B57-3378FEE76B94}.Debug|x86.Build.0 = Debug|Win32
		{33F86413-BEFC-4134-8B57-3378FEE76B94}.Release|Any CPU.ActiveCfg = Release|Win32
		{33F86413-BEFC-4134-8B57-3378FEE76B94}.Release|x64.ActiveCfg = Release|x64
		{33F86413-BEFC-4134-8B57-3378FEE76B94}.Release|x64.Build.0 = Release|x64
		{33F86413-BEFC-4134-8B57-3378FEE76B94}.Release|x86.ActiveCfg = Release|Win32
		{33F86413-BEFC-4134-8B57-3378FEE76B94}.Release|x86.Build.0 = Release|Win32
		{6F6203AE-AE38-41D0-A685-F88010BC9199}.Debug|Any CPU.ActiveCfg = Debug|Any CPU
		{6F6203AE-AE38-41D0-A685-F88010BC9199}.Debug|Any CPU.Build.0 = Debug|Any CPU
		{6F6203AE-AE38-41D0-A685-F88010BC9199}.Debug|x64.ActiveCfg = Debug|Any CPU
		{6F6203AE-AE38-41D0-A685-F88010BC9199}.Debug|x64.Build.0 = Debug|Any CPU
		{6F6203AE-AE38-41D0-A685-F88010BC9199}.Debug|x86.ActiveCfg = Debug|Any CPU
		{6F6203AE-AE38-41D0-A685-F88010BC9199}.Debug|x86.Build.0 = Debug|Any CPU
		{6F6203AE-AE38-41D0-A685-F88010BC9199}.Release|Any CPU.ActiveCfg = Release|Any CPU
		{6F6203AE-AE38-41D0-A685-F88010BC9199}.Release|Any CPU.Build.0 = Release|Any CPU
		{6F6203AE-AE38-41D0-A685-F88010BC9199}.Release|x64.ActiveCfg = Release|Any CPU
		{6F6203AE-AE38-41D0-A685-F88010BC9199}.Release|x64.Build.0 = Release|Any CPU
		{6F6203AE-AE38-41D0-A685-F88010BC9199}.Release|x86.ActiveCfg = Release|Any CPU
		{6F6203AE-AE38-41D0-A685-F88010BC9199}.Release|x86.Build.0 = Release|Any CPU
	EndGlobalSection
	GlobalSection(SolutionProperties) = preSolution
		HideSolutionNode = FALSE
	EndGlobalSection
	GlobalSection(ExtensibilityGlobals) = postSolution
		SolutionGuid = {8947CFDF-E28C-4BF8-910B-A45D583123FA}
	EndGlobalSection
EndGlobal
